
Microsoft Visual Studio Solution File, Format Version 12.00
# Visual Studio Version 16
VisualStudioVersion = 16.0.31515.178
MinimumVisualStudioVersion = 10.0.40219.1
Project("{9A19103F-16F7-4668-BE54-9A1E7A4F7556}") = "Security", "Security.csproj", "{C07E4221-FB47-404D-9B66-F624B7749761}"
EndProject
Project("{FAE04EC0-301F-11D3-BF4B-00C04F79EFBC}") = "client", "..\client\client.csproj", "{BEDDDFE2-E52B-4422-A037-8DE73F9C8267}"
EndProject
Project("{FAE04EC0-301F-11D3-BF4B-00C04F79EFBC}") = "srvr", "..\srvr\srvr.csproj", "{215D36FC-EE77-4160-B08D-E1BF63E878E6}"
EndProject
Global
	GlobalSection(SolutionConfigurationPlatforms) = preSolution
		Debug|Any CPU = Debug|Any CPU
		Release|Any CPU = Release|Any CPU
	EndGlobalSection
	GlobalSection(ProjectConfigurationPlatforms) = postSolution
		{C07E4221-FB47-404D-9B66-F624B7749761}.Debug|Any CPU.ActiveCfg = Debug|Any CPU
		{C07E4221-FB47-404D-9B66-F624B7749761}.Debug|Any CPU.Build.0 = Debug|Any CPU
		{C07E4221-FB47-404D-9B66-F624B7749761}.Release|Any CPU.ActiveCfg = Release|Any CPU
		{C07E4221-FB47-404D-9B66-F624B7749761}.Release|Any CPU.Build.0 = Release|Any CPU
		{BEDDDFE2-E52B-4422-A037-8DE73F9C8267}.Debug|Any CPU.ActiveCfg = Debug|Any CPU
		{BEDDDFE2-E52B-4422-A037-8DE73F9C8267}.Debug|Any CPU.Build.0 = Debug|Any CPU
		{BEDDDFE2-E52B-4422-A037-8DE73F9C8267}.Release|Any CPU.ActiveCfg = Release|Any CPU
		{BEDDDFE2-E52B-4422-A037-8DE73F9C8267}.Release|Any CPU.Build.0 = Release|Any CPU
		{215D36FC-EE77-4160-B08D-E1BF63E878E6}.Debug|Any CPU.ActiveCfg = Debug|Any CPU
		{215D36FC-EE77-4160-B08D-E1BF63E878E6}.Debug|Any CPU.Build.0 = Debug|Any CPU
		{215D36FC-EE77-4160-B08D-E1BF63E878E6}.Release|Any CPU.ActiveCfg = Release|Any CPU
		{215D36FC-EE77-4160-B08D-E1BF63E878E6}.Release|Any CPU.Build.0 = Release|Any CPU
	EndGlobalSection
	GlobalSection(SolutionProperties) = preSolution
		HideSolutionNode = FALSE
	EndGlobalSection
	GlobalSection(ExtensibilityGlobals) = postSolution
		SolutionGuid = {D6832B29-A12A-415F-96B6-9068E5006BC3}
	EndGlobalSection
EndGlobal
